lockfileVersion: '9.0'

settings:
  autoInstallPeers: true
  excludeLinksFromLockfile: false

importers:

  .:
    dependencies:
      async-lock:
        specifier: ^1.4.1
        version: 1.4.1
      idb-keyval:
        specifier: ^6.2.2
        version: 6.2.2
      lodash:
        specifier: ^4.17.21
        version: 4.17.21
      sql.js:
        specifier: ^1.13.0
        version: 1.13.0
    devDependencies:
      '@types/async-lock':
        specifier: ^1.4.2
        version: 1.4.2
      '@types/lodash':
        specifier: ^4.17.20
        version: 4.17.20
      '@types/sql.js':
        specifier: ^1.4.9
        version: 1.4.9
      typescript:
        specifier: ^5.9.2
        version: 5.9.2

packages:

  '@types/async-lock@1.4.2':
    resolution: {integrity: sha512-HlZ6Dcr205BmNhwkdXqrg2vkFMN2PluI7Lgr8In3B3wE5PiQHhjRqtW/lGdVU9gw+sM0JcIDx2AN+cW8oSWIcw==}

  '@types/emscripten@1.41.2':
    resolution: {integrity: sha512-0EVXosRnffZuF+rsMM1ZVbfpwpvL2/hWycYQ/0GaH/VaoSJvcSmMl6fiPel9TZXHL3EhANxzqKOVFC6NFXyn8A==}

  '@types/lodash@4.17.20':
    resolution: {integrity: sha512-H3MHACvFUEiujabxhaI/ImO6gUrd8oOurg7LQtS7mbwIXA/cUqWrvBsaeJ23aZEPk1TAYkurjfMbSELfoCXlGA==}

  '@types/node@24.6.0':
    resolution: {integrity: sha512-F1CBxgqwOMc4GKJ7eY22hWhBVQuMYTtqI8L0FcszYcpYX0fzfDGpez22Xau8Mgm7O9fI+zA/TYIdq3tGWfweBA==}

  '@types/sql.js@1.4.9':
    resolution: {integrity: sha512-ep8b36RKHlgWPqjNG9ToUrPiwkhwh0AEzy883mO5Xnd+cL6VBH1EvSjBAAuxLUFF2Vn/moE3Me6v9E1Lo+48GQ==}

  async-lock@1.4.1:
    resolution: {integrity: sha512-Az2ZTpuytrtqENulXwO3GGv1Bztugx6TT37NIo7imr/Qo0gsYiGtSdBa2B6fsXhTpVZDNfu1Qn3pk531e3q+nQ==}

  idb-keyval@6.2.2:
    resolution: {integrity: sha512-yjD9nARJ/jb1g+CvD0tlhUHOrJ9Sy0P8T9MF3YaLlHnSRpwPfpTX0XIvpmw3gAJUmEu3FiICLBDPXVwyEvrleg==}

  lodash@4.17.21:
    resolution: {integrity: sha512-v2kDEe57lecTulaDIuNTPy3Ry4gLGJ6Z1O3vE1krgXZNrsQ+LFTGHVxVjcXPs17LhbZVGedAJv8XZ1tvj5FvSg==}

  sql.js@1.13.0:
    resolution: {integrity: sha512-RJbVP1HRDlUUXahJ7VMTcu9Rm1Nzw+EBpoPr94vnbD4LwR715F3CcxE2G2k45PewcaZ57pjetYa+LoSJLAASgA==}

  typescript@5.9.2:
    resolution: {integrity: sha512-CWBzXQrc/qOkhidw1OzBTQuYRbfyxDXJMVJ1XNwUHGROVmuaeiEm3OslpZ1RV96d7SKKjZKrSJu3+t/xlw3R9A==}
    engines: {node: '>=14.17'}
    hasBin: true

  undici-types@7.13.0:
    resolution: {integrity: sha512-Ov2Rr9Sx+fRgagJ5AX0qvItZG/JKKoBRAVITs1zk7IqZGTJUwgUr7qoYBpWwakpWilTZFM98rG/AFRocu10iIQ==}

snapshots:

  '@types/async-lock@1.4.2': {}

  '@types/emscripten@1.41.2': {}

  '@types/lodash@4.17.20': {}

  '@types/node@24.6.0':
    dependencies:
      undici-types: 7.13.0

  '@types/sql.js@1.4.9':
    dependencies:
      '@types/emscripten': 1.41.2
      '@types/node': 24.6.0

  async-lock@1.4.1: {}

  idb-keyval@6.2.2: {}

  lodash@4.17.21: {}

  sql.js@1.13.0: {}

  typescript@5.9.2: {}

  undici-types@7.13.0: {}
